
Microsoft Visual Studio Solution File, Format Version 12.00
# Visual Studio 15
VisualStudioVersion = 15.0.28307.960
MinimumVisualStudioVersion = 10.0.40219.1
Project("{9A19103F-16F7-4668-BE54-9A1E7A4F7556}") = "BlogWebApi", "BlogWebApp\BlogWebApi.csproj", "{9D4C2E8B-6B58-44D8-B84C-535443363729}"
EndProject
Global
	GlobalSection(SolutionConfigurationPlatforms) = preSolution
		Debug|Any CPU = Debug|Any CPU
		Release|Any CPU = Release|Any CPU
	EndGlobalSection
	GlobalSection(ProjectConfigurationPlatforms) = postSolution
		{9D4C2E8B-6B58-44D8-B84C-535443363729}.Debug|Any CPU.ActiveCfg = Debug|Any CPU
		{9D4C2E8B-6B58-44D8-B84C-535443363729}.Debug|Any CPU.Build.0 = Debug|Any CPU
		{9D4C2E8B-6B58-44D8-B84C-535443363729}.Release|Any CPU.ActiveCfg = Release|Any CPU
		{9D4C2E8B-6B58-44D8-B84C-535443363729}.Release|Any CPU.Build.0 = Release|Any CPU
	EndGlobalSection
	GlobalSection(SolutionProperties) = preSolution
		HideSolutionNode = FALSE
	EndGlobalSection
	GlobalSection(ExtensibilityGlobals) = postSolution
		SolutionGuid = {9813B466-6D7A-4066-B61F-4EC89D6AFE88}
	EndGlobalSection
EndGlobal
